
Microsoft Visual Studio Solution File, Format Version 12.00
# Visual Studio 2013
VisualStudioVersion = 12.0.40629.0
MinimumVisualStudioVersion = 10.0.40219.1
Project("{CC5FD16D-436D-48AD-A40C-5A424C6E3E79}") = "PSEventManagerPlus", "PSEventManagerPlus\PSEventManagerPlus.ccproj", "{13A87E42-D91D-4ACF-8BD4-B93648B2158C}"
EndProject
Project("{FAE04EC0-301F-11D3-BF4B-00C04F79EFBC}") = "EventManagerWeb", "EventManagerWeb\EventManagerWeb.csproj", "{01446D00-42DB-4BC5-ABD7-EBF6980D318C}"
EndProject
Project("{FAE04EC0-301F-11D3-BF4B-00C04F79EFBC}") = "EventManagerWorker", "EventManagerWorker\EventManagerWorker.csproj", "{DA6AEDB8-1313-4C6E-88A4-C15CB3A21301}"
EndProject
Global
	GlobalSection(SolutionConfigurationPlatforms) = preSolution
		Debug|Any CPU = Debug|Any CPU
		Release|Any CPU = Release|Any CPU
	EndGlobalSection
	GlobalSection(ProjectConfigurationPlatforms) = postSolution
		{13A87E42-D91D-4ACF-8BD4-B93648B2158C}.Debug|Any CPU.ActiveCfg = Debug|Any CPU
		{13A87E42-D91D-4ACF-8BD4-B93648B2158C}.Debug|Any CPU.Build.0 = Debug|Any CPU
		{13A87E42-D91D-4ACF-8BD4-B93648B2158C}.Release|Any CPU.ActiveCfg = Release|Any CPU
		{13A87E42-D91D-4ACF-8BD4-B93648B2158C}.Release|Any CPU.Build.0 = Release|Any CPU
		{01446D00-42DB-4BC5-ABD7-EBF6980D318C}.Debug|Any CPU.ActiveCfg = Debug|Any CPU
		{01446D00-42DB-4BC5-ABD7-EBF6980D318C}.Debug|Any CPU.Build.0 = Debug|Any CPU
		{01446D00-42DB-4BC5-ABD7-EBF6980D318C}.Release|Any CPU.ActiveCfg = Release|Any CPU
		{01446D00-42DB-4BC5-ABD7-EBF6980D318C}.Release|Any CPU.Build.0 = Release|Any CPU
		{DA6AEDB8-1313-4C6E-88A4-C15CB3A21301}.Debug|Any CPU.ActiveCfg = Debug|Any CPU
		{DA6AEDB8-1313-4C6E-88A4-C15CB3A21301}.Debug|Any CPU.Build.0 = Debug|Any CPU
		{DA6AEDB8-1313-4C6E-88A4-C15CB3A21301}.Release|Any CPU.ActiveCfg = Release|Any CPU
		{DA6AEDB8-1313-4C6E-88A4-C15CB3A21301}.Release|Any CPU.Build.0 = Release|Any CPU
	EndGlobalSection
	GlobalSection(SolutionProperties) = preSolution
		HideSolutionNode = FALSE
	EndGlobalSection
EndGlobal
